{
  "name": "sla",
  "version": "1.0.0",
  "lockfileVersion": 3,
  "requires": true,
  "packages": {
    "": {
      "name": "sla",
      "version": "1.0.0",
      "license": "ISC",
      "dependencies": {
        "robotjs": "^0.9.1"
      }
    },
    "node_modules/node-addon-api": {
      "version": "4.3.0",
      "resolved": "https://registry.npmjs.org/node-addon-api/-/node-addon-api-4.3.0.tgz",
      "integrity": "sha512-73sE9+3UaLYYFmDsFZnqCInzPyh3MqIwZO9cw58yIqAZhONrrabrYyYe3TuIqtIiOuTXVhsGau8hcrhhwSsDIQ==",
      "license": "MIT"
    },
    "node_modules/node-gyp-build": {
      "version": "4.8.4",
      "resolved": "https://registry.npmjs.org/node-gyp-build/-/node-gyp-build-4.8.4.tgz",
      "integrity": "sha512-LA4ZjwlnUblHVgq0oBF3Jl/6h/Nvs5fzBLwdEF4nuxnFdsfajde4WfxtJr3CaiH+F6ewcIB/q4jQ4UzPyid+CQ==",
      "license": "MIT",
      "bin": {
        "node-gyp-build": "bin.js",
        "node-gyp-build-optional": "optional.js",
        "node-gyp-build-test": "build-test.js"
      }
    },
    "node_modules/robotjs": {
      "version": "0.9.1",
      "resolved": "https://registry.npmjs.org/robotjs/-/robotjs-0.9.1.tgz",
      "integrity": "sha512-1c9pOcCT0H/Y9Oc9DvwR+ZQKYwngHgCD4d3A+Q7zEWbVovHq1FipctSRiq99L4I8t0IdhMDOBX+pTRtZdSaSXg==",
      "hasInstallScript": true,
      "license": "MIT",
      "dependencies": {
        "node-addon-api": "^4.2.0",
        "node-gyp-build": "^4.8.4"
      }
    }
  }
}
